
Microsoft Visual Studio Solution File, Format Version 12.00
# Visual Studio 15
VisualStudioVersion = 15.0.26124.0
MinimumVisualStudioVersion = 15.0.26124.0
Project("{FAE04EC0-301F-11D3-BF4B-00C04F79EFBC}") = "DelegationPokerApi", "DelegationPokerApi\DelegationPokerApi.csproj", "{C16E090B-290C-40DD-AED4-2CB75A52EF46}"
EndProject
Project("{FAE04EC0-301F-11D3-BF4B-00C04F79EFBC}") = "DelegationPokerUnitTests", "DelegationPokerUnitTests\DelegationPokerUnitTests.csproj", "{0B6EEB39-DD95-4CA7-BF17-54B078B2DE68}"
EndProject
Global
	GlobalSection(SolutionConfigurationPlatforms) = preSolution
		Debug|Any CPU = Debug|Any CPU
		Debug|x64 = Debug|x64
		Debug|x86 = Debug|x86
		Release|Any CPU = Release|Any CPU
		Release|x64 = Release|x64
		Release|x86 = Release|x86
	EndGlobalSection
	GlobalSection(SolutionProperties) = preSolution
		HideSolutionNode = FALSE
	EndGlobalSection
	GlobalSection(ProjectConfigurationPlatforms) = postSolution
		{C16E090B-290C-40DD-AED4-2CB75A52EF46}.Debug|Any CPU.ActiveCfg = Debug|Any CPU
		{C16E090B-290C-40DD-AED4-2CB75A52EF46}.Debug|Any CPU.Build.0 = Debug|Any CPU
		{C16E090B-290C-40DD-AED4-2CB75A52EF46}.Debug|x64.ActiveCfg = Debug|Any CPU
		{C16E090B-290C-40DD-AED4-2CB75A52EF46}.Debug|x64.Build.0 = Debug|Any CPU
		{C16E090B-290C-40DD-AED4-2CB75A52EF46}.Debug|x86.ActiveCfg = Debug|Any CPU
		{C16E090B-290C-40DD-AED4-2CB75A52EF46}.Debug|x86.Build.0 = Debug|Any CPU
		{C16E090B-290C-40DD-AED4-2CB75A52EF46}.Release|Any CPU.ActiveCfg = Release|Any CPU
		{C16E090B-290C-40DD-AED4-2CB75A52EF46}.Release|Any CPU.Build.0 = Release|Any CPU
		{C16E090B-290C-40DD-AED4-2CB75A52EF46}.Release|x64.ActiveCfg = Release|Any CPU
		{C16E090B-290C-40DD-AED4-2CB75A52EF46}.Release|x64.Build.0 = Release|Any CPU
		{C16E090B-290C-40DD-AED4-2CB75A52EF46}.Release|x86.ActiveCfg = Release|Any CPU
		{C16E090B-290C-40DD-AED4-2CB75A52EF46}.Release|x86.Build.0 = Release|Any CPU
		{0B6EEB39-DD95-4CA7-BF17-54B078B2DE68}.Debug|Any CPU.ActiveCfg = Debug|Any CPU
		{0B6EEB39-DD95-4CA7-BF17-54B078B2DE68}.Debug|Any CPU.Build.0 = Debug|Any CPU
		{0B6EEB39-DD95-4CA7-BF17-54B078B2DE68}.Debug|x64.ActiveCfg = Debug|Any CPU
		{0B6EEB39-DD95-4CA7-BF17-54B078B2DE68}.Debug|x64.Build.0 = Debug|Any CPU
		{0B6EEB39-DD95-4CA7-BF17-54B078B2DE68}.Debug|x86.ActiveCfg = Debug|Any CPU
		{0B6EEB39-DD95-4CA7-BF17-54B078B2DE68}.Debug|x86.Build.0 = Debug|Any CPU
		{0B6EEB39-DD95-4CA7-BF17-54B078B2DE68}.Release|Any CPU.ActiveCfg = Release|Any CPU
		{0B6EEB39-DD95-4CA7-BF17-54B078B2DE68}.Release|Any CPU.Build.0 = Release|Any CPU
		{0B6EEB39-DD95-4CA7-BF17-54B078B2DE68}.Release|x64.ActiveCfg = Release|Any CPU
		{0B6EEB39-DD95-4CA7-BF17-54B078B2DE68}.Release|x64.Build.0 = Release|Any CPU
		{0B6EEB39-DD95-4CA7-BF17-54B078B2DE68}.Release|x86.ActiveCfg = Release|Any CPU
		{0B6EEB39-DD95-4CA7-BF17-54B078B2DE68}.Release|x86.Build.0 = Release|Any CPU
	EndGlobalSection
EndGlobal
